{
  "name": "chrome-extension-typescript",
  "version": "1.0.0",
  "lockfileVersion": 3,
  "requires": true,
  "packages": {
    "": {
      "name": "chrome-extension-typescript",
      "version": "1.0.0",
      "license": "ISC",
      "devDependencies": {
        "chrome-types": "^0.1.349"
      }
    },
    "node_modules/chrome-types": {
      "version": "0.1.349",
      "resolved": "https://registry.npmjs.org/chrome-types/-/chrome-types-0.1.349.tgz",
      "integrity": "sha512-u5Gqcm+wZrKzLsmvyVsRG23YvU4vwH6h1HlEBQqyqgeClGfrdXUEVLes38C8b2RiV3qmTJ/1dgIIq0jBLg98FQ==",
      "dev": true,
      "license": "Apache-2.0"
    }
  }
}
